
Microsoft Visual Studio Solution File, Format Version 12.00
# Visual Studio 2012
Project("{FAE04EC0-301F-11D3-BF4B-00C04F79EFBC}") = "Humanizer.Russian", "Humanizer.Russian\Humanizer.Russian.csproj", "{55614F9F-8EA9-4412-A7A1-C070D1513FC7}"
EndProject
Project("{FAE04EC0-301F-11D3-BF4B-00C04F79EFBC}") = "Humanizer.Russian.Tests", "Humanizer.Russian.Tests\Humanizer.Russian.Tests.csproj", "{76CE0122-AB0E-4D34-9626-94AF796FC119}"
EndProject
Global
	GlobalSection(SolutionConfigurationPlatforms) = preSolution
		Debug|Any CPU = Debug|Any CPU
		Release|Any CPU = Release|Any CPU
	EndGlobalSection
	GlobalSection(ProjectConfigurationPlatforms) = postSolution
		{55614F9F-8EA9-4412-A7A1-C070D1513FC7}.Debug|Any CPU.ActiveCfg = Debug|Any CPU
		{55614F9F-8EA9-4412-A7A1-C070D1513FC7}.Debug|Any CPU.Build.0 = Debug|Any CPU
		{55614F9F-8EA9-4412-A7A1-C070D1513FC7}.Release|Any CPU.ActiveCfg = Release|Any CPU
		{55614F9F-8EA9-4412-A7A1-C070D1513FC7}.Release|Any CPU.Build.0 = Release|Any CPU
		{76CE0122-AB0E-4D34-9626-94AF796FC119}.Debug|Any CPU.ActiveCfg = Debug|Any CPU
		{76CE0122-AB0E-4D34-9626-94AF796FC119}.Debug|Any CPU.Build.0 = Debug|Any CPU
		{76CE0122-AB0E-4D34-9626-94AF796FC119}.Release|Any CPU.ActiveCfg = Release|Any CPU
		{76CE0122-AB0E-4D34-9626-94AF796FC119}.Release|Any CPU.Build.0 = Release|Any CPU
	EndGlobalSection
	GlobalSection(SolutionProperties) = preSolution
		HideSolutionNode = FALSE
	EndGlobalSection
EndGlobal
